// !$*UTF8*$!
{
	archiveVersion = 1;
	classes = {
	};
	objectVersion = 50;
	objects = {

/* Begin PBXBuildFile section */
		C186DBDA251E83F00018E325 /* main.cpp in Sources */ = {isa = PBXBuildFile; fileRef = C186DBD9251E83F00018E325 /* main.cpp */; };
		C186DBE7251EA0B80018E325 /* main.cpp in Sources */ = {isa = PBXBuildFile; fileRef = C186DBE6251EA0B80018E325 /* main.cpp */; };
		C1D8C1AF2522D62500EBE794 /* main.cpp in Sources */ = {isa = PBXBuildFile; fileRef = C1D8C1AE2522D62500EBE794 /* main.cpp */; };
		C1D8C1BA25242B8D00EBE794 /* main.cpp in Sources */ = {isa = PBXBuildFile; fileRef = C1D8C1B925242B8D00EBE794 /* main.cpp */; };
/* End PBXBuildFile section */

/* Begin PBXCopyFilesBuildPhase section */
		C186DBD4251E83F00018E325 /* CopyFiles */ = {
			isa = PBXCopyFilesBuildPhase;
			buildActionMask = 2147483647;
			dstPath = /usr/share/man/man1/;
			dstSubfolderSpec = 0;
			files = (
			);
			runOnlyForDeploymentPostprocessing = 1;
		};
		C186DBE2251EA0B80018E325 /* CopyFiles */ = {
			isa = PBXCopyFilesBuildPhase;
			buildActionMask = 2147483647;
			dstPath = /usr/share/man/man1/;
			dstSubfolderSpec = 0;
			files = (
			);
			runOnlyForDeploymentPostprocessing = 1;
		};
		C1D8C1AA2522D62500EBE794 /* CopyFiles */ = {
			isa = PBXCopyFilesBuildPhase;
			buildActionMask = 2147483647;
			dstPath = /usr/share/man/man1/;
			dstSubfolderSpec = 0;
			files = (
			);
			runOnlyForDeploymentPostprocessing = 1;
		};
		C1D8C1B525242B8D00EBE794 /* CopyFiles */ = {
			isa = PBXCopyFilesBuildPhase;
			buildActionMask = 2147483647;
			dstPath = /usr/share/man/man1/;
			dstSubfolderSpec = 0;
			files = (
			);
			runOnlyForDeploymentPostprocessing = 1;
		};
/* End PBXCopyFilesBuildPhase section */

/* Begin PBXFileReference section */
		C186DBD6251E83F00018E325 /* Exercise5 */ = {isa = PBXFileReference; explicitFileType = "compiled.mach-o.executable"; includeInIndex = 0; path = Exercise5; sourceTree = BUILT_PRODUCTS_DIR; };
		C186DBD9251E83F00018E325 /* main.cpp */ = {isa = PBXFileReference; lastKnownFileType = sourcecode.cpp.cpp; path = main.cpp; sourceTree = "<group>"; };
		C186DBE4251EA0B80018E325 /* ex */ = {isa = PBXFileReference; explicitFileType = "compiled.mach-o.executable"; includeInIndex = 0; path = ex; sourceTree = BUILT_PRODUCTS_DIR; };
		C186DBE6251EA0B80018E325 /* main.cpp */ = {isa = PBXFileReference; lastKnownFileType = sourcecode.cpp.cpp; path = main.cpp; sourceTree = "<group>"; };
		C1D8C1AC2522D62500EBE794 /* question2_ex5 */ = {isa = PBXFileReference; explicitFileType = "compiled.mach-o.executable"; includeInIndex = 0; path = question2_ex5; sourceTree = BUILT_PRODUCTS_DIR; };
		C1D8C1AE2522D62500EBE794 /* main.cpp */ = {isa = PBXFileReference; lastKnownFileType = sourcecode.cpp.cpp; path = main.cpp; sourceTree = "<group>"; };
		C1D8C1B725242B8D00EBE794 /* question3_ex5 */ = {isa = PBXFileReference; explicitFileType = "compiled.mach-o.executable"; includeInIndex = 0; path = question3_ex5; sourceTree = BUILT_PRODUCTS_DIR; };
		C1D8C1B925242B8D00EBE794 /* main.cpp */ = {isa = PBXFileReference; lastKnownFileType = sourcecode.cpp.cpp; path = main.cpp; sourceTree = "<group>"; };
/* End PBXFileReference section */

/* Begin PBXFrameworksBuildPhase section */
		C186DBD3251E83F00018E325 /* Frameworks */ = {
			isa = PBXFrameworksBuildPhase;
			buildActionMask = 2147483647;
			files = (
			);
			runOnlyForDeploymentPostprocessing = 0;
		};
		C186DBE1251EA0B80018E325 /* Frameworks */ = {
			isa = PBXFrameworksBuildPhase;
			buildActionMask = 2147483647;
			files = (
			);
			runOnlyForDeploymentPostprocessing = 0;
		};
		C1D8C1A92522D62500EBE794 /* Frameworks */ = {
			isa = PBXFrameworksBuildPhase;
			buildActionMask = 2147483647;
			files = (
			);
			runOnlyForDeploymentPostprocessing = 0;
		};
		C1D8C1B425242B8D00EBE794 /* Frameworks */ = {
			isa = PBXFrameworksBuildPhase;
			buildActionMask = 2147483647;
			files = (
			);
			runOnlyForDeploymentPostprocessing = 0;
		};
/* End PBXFrameworksBuildPhase section */

/* Begin PBXGroup section */
		C186DBCD251E83F00018E325 = {
			isa = PBXGroup;
			children = (
				C186DBD8251E83F00018E325 /* Exercise5 */,
				C186DBE5251EA0B80018E325 /* ex */,
				C1D8C1AD2522D62500EBE794 /* question2_ex5 */,
				C1D8C1B825242B8D00EBE794 /* question3_ex5 */,
				C186DBD7251E83F00018E325 /* Products */,
			);
			sourceTree = "<group>";
		};
		C186DBD7251E83F00018E325 /* Products */ = {
			isa = PBXGroup;
			children = (
				C186DBD6251E83F00018E325 /* Exercise5 */,
				C186DBE4251EA0B80018E325 /* ex */,
				C1D8C1AC2522D62500EBE794 /* question2_ex5 */,
				C1D8C1B725242B8D00EBE794 /* question3_ex5 */,
			);
			name = Products;
			sourceTree = "<group>";
		};
		C186DBD8251E83F00018E325 /* Exercise5 */ = {
			isa = PBXGroup;
			children = (
				C186DBD9251E83F00018E325 /* main.cpp */,
			);
			path = Exercise5;
			sourceTree = "<group>";
		};
		C186DBE5251EA0B80018E325 /* ex */ = {
			isa = PBXGroup;
			children = (
				C186DBE6251EA0B80018E325 /* main.cpp */,
			);
			path = ex;
			sourceTree = "<group>";
		};
		C1D8C1AD2522D62500EBE794 /* question2_ex5 */ = {
			isa = PBXGroup;
			children = (
				C1D8C1AE2522D62500EBE794 /* main.cpp */,
			);
			path = question2_ex5;
			sourceTree = "<group>";
		};
		C1D8C1B825242B8D00EBE794 /* question3_ex5 */ = {
			isa = PBXGroup;
			children = (
				C1D8C1B925242B8D00EBE794 /* main.cpp */,
			);
			path = question3_ex5;
			sourceTree = "<group>";
		};
/* End PBXGroup section */

/* Begin PBXNativeTarget section */
		C186DBD5251E83F00018E325 /* Exercise5 */ = {
			isa = PBXNativeTarget;
			buildConfigurationList = C186DBDD251E83F00018E325 /* Build configuration list for PBXNativeTarget "Exercise5" */;
			buildPhases = (
				C186DBD2251E83F00018E325 /* Sources */,
				C186DBD3251E83F00018E325 /* Frameworks */,
				C186DBD4251E83F00018E325 /* CopyFiles */,
			);
			buildRules = (
			);
			dependencies = (
			);
			name = Exercise5;
			productName = Exercise5;
			productReference = C186DBD6251E83F00018E325 /* Exercise5 */;
			productType = "com.apple.product-type.tool";
		};
		C186DBE3251EA0B80018E325 /* ex */ = {
			isa = PBXNativeTarget;
			buildConfigurationList = C186DBE8251EA0B80018E325 /* Build configuration list for PBXNativeTarget "ex" */;
			buildPhases = (
				C186DBE0251EA0B80018E325 /* Sources */,
				C186DBE1251EA0B80018E325 /* Frameworks */,
				C186DBE2251EA0B80018E325 /* CopyFiles */,
			);
			buildRules = (
			);
			dependencies = (
			);
			name = ex;
			productName = ex;
			productReference = C186DBE4251EA0B80018E325 /* ex */;
			productType = "com.apple.product-type.tool";
		};
		C1D8C1AB2522D62500EBE794 /* question2_ex5 */ = {
			isa = PBXNativeTarget;
			buildConfigurationList = C1D8C1B22522D62500EBE794 /* Build configuration list for PBXNativeTarget "question2_ex5" */;
			buildPhases = (
				C1D8C1A82522D62500EBE794 /* Sources */,
				C1D8C1A92522D62500EBE794 /* Frameworks */,
				C1D8C1AA2522D62500EBE794 /* CopyFiles */,
			);
			buildRules = (
			);
			dependencies = (
			);
			name = question2_ex5;
			productName = question2_ex5;
			productReference = C1D8C1AC2522D62500EBE794 /* question2_ex5 */;
			productType = "com.apple.product-type.tool";
		};
		C1D8C1B625242B8D00EBE794 /* question3_ex5 */ = {
			isa = PBXNativeTarget;
			buildConfigurationList = C1D8C1BB25242B8D00EBE794 /* Build configuration list for PBXNativeTarget "question3_ex5" */;
			buildPhases = (
				C1D8C1B325242B8D00EBE794 /* Sources */,
				C1D8C1B425242B8D00EBE794 /* Frameworks */,
				C1D8C1B525242B8D00EBE794 /* CopyFiles */,
			);
			buildRules = (
			);
			dependencies = (
			);
			name = question3_ex5;
			productName = question3_ex5;
			productReference = C1D8C1B725242B8D00EBE794 /* question3_ex5 */;
			productType = "com.apple.product-type.tool";
		};
/* End PBXNativeTarget section */

/* Begin PBXProject section */
		C186DBCE251E83F00018E325 /* Project object */ = {
			isa = PBXProject;
			attributes = {
				LastUpgradeCheck = 1170;
				ORGANIZATIONNAME = "Fernanda Tovar";
				TargetAttributes = {
					C186DBD5251E83F00018E325 = {
						CreatedOnToolsVersion = 11.7;
					};
					C186DBE3251EA0B80018E325 = {
						CreatedOnToolsVersion = 11.7;
					};
					C1D8C1AB2522D62500EBE794 = {
						CreatedOnToolsVersion = 11.7;
					};
					C1D8C1B625242B8D00EBE794 = {
						CreatedOnToolsVersion = 11.7;
					};
				};
			};
			buildConfigurationList = C186DBD1251E83F00018E325 /* Build configuration list for PBXProject "Exercise5" */;
			compatibilityVersion = "Xcode 9.3";
			developmentRegion = en;
			hasScannedForEncodings = 0;
			knownRegions = (
				en,
				Base,
			);
			mainGroup = C186DBCD251E83F00018E325;
			productRefGroup = C186DBD7251E83F00018E325 /* Products */;
			projectDirPath = "";
			projectRoot = "";
			targets = (
				C186DBD5251E83F00018E325 /* Exercise5 */,
				C186DBE3251EA0B80018E325 /* ex */,
				C1D8C1AB2522D62500EBE794 /* question2_ex5 */,
				C1D8C1B625242B8D00EBE794 /* question3_ex5 */,
			);
		};
/* End PBXProject section */

/* Begin PBXSourcesBuildPhase section */
		C186DBD2251E83F00018E325 /* Sources */ = {
			isa = PBXSourcesBuildPhase;
			buildActionMask = 2147483647;
			files = (
				C186DBDA251E83F00018E325 /* main.cpp in Sources */,
			);
			runOnlyForDeploymentPostprocessing = 0;
		};
		C186DBE0251EA0B80018E325 /* Sources */ = {
			isa = PBXSourcesBuildPhase;
			buildActionMask = 2147483647;
			files = (
				C186DBE7251EA0B80018E325 /* main.cpp in Sources */,
			);
			runOnlyForDeploymentPostprocessing = 0;
		};
		C1D8C1A82522D62500EBE794 /* Sources */ = {
			isa = PBXSourcesBuildPhase;
			buildActionMask = 2147483647;
			files = (
				C1D8C1AF2522D62500EBE794 /* main.cpp in Sources */,
			);
			runOnlyForDeploymentPostprocessing = 0;
		};
		C1D8C1B325242B8D00EBE794 /* Sources */ = {
			isa = PBXSourcesBuildPhase;
			buildActionMask = 2147483647;
			files = (
				C1D8C1BA25242B8D00EBE794 /* main.cpp in Sources */,
			);
			runOnlyForDeploymentPostprocessing = 0;
		};
/* End PBXSourcesBuildPhase section */

/* Begin XCBuildConfiguration section */
		C186DBDB251E83F00018E325 /* Debug */ = {
			isa = XCBuildConfiguration;
			buildSettings = {
				ALWAYS_SEARCH_USER_PATHS = NO;
				CLANG_ANALYZER_NONNULL = YES;
				CLANG_ANALYZER_NUMBER_OBJECT_CONVERSION = YES_AGGRESSIVE;
				CLANG_CXX_LANGUAGE_STANDARD = "gnu++14";
				CLANG_CXX_LIBRARY = "libc++";
				CLANG_ENABLE_MODULES = YES;
				CLANG_ENABLE_OBJC_ARC = YES;
				CLANG_ENABLE_OBJC_WEAK = YES;
				CLANG_WARN_BLOCK_CAPTURE_AUTORELEASING = YES;
				CLANG_WARN_BOOL_CONVERSION = YES;
				CLANG_WARN_COMMA = YES;
				CLANG_WARN_CONSTANT_CONVERSION = YES;
				CLANG_WARN_DEPRECATED_OBJC_IMPLEMENTATIONS = YES;
				CLANG_WARN_DIRECT_OBJC_ISA_USAGE = YES_ERROR;
				CLANG_WARN_DOCUMENTATION_COMMENTS = YES;
				CLANG_WARN_EMPTY_BODY = YES;
				CLANG_WARN_ENUM_CONVERSION = YES;
				CLANG_WARN_INFINITE_RECURSION = YES;
				CLANG_WARN_INT_CONVERSION = YES;
				CLANG_WARN_NON_LITERAL_NULL_CONVERSION = YES;
				CLANG_WARN_OBJC_IMPLICIT_RETAIN_SELF = YES;
				CLANG_WARN_OBJC_LITERAL_CONVERSION = YES;
				CLANG_WARN_OBJC_ROOT_CLASS = YES_ERROR;
				CLANG_WARN_RANGE_LOOP_ANALYSIS = YES;
				CLANG_WARN_STRICT_PROTOTYPES = YES;
				CLANG_WARN_SUSPICIOUS_MOVE = YES;
				CLANG_WARN_UNGUARDED_AVAILABILITY = YES_AGGRESSIVE;
				CLANG_WARN_UNREACHABLE_CODE = YES;
				CLANG_WARN__DUPLICATE_METHOD_MATCH = YES;
				COPY_PHASE_STRIP = NO;
				DEBUG_INFORMATION_FORMAT = dwarf;
				ENABLE_STRICT_OBJC_MSGSEND = YES;
				ENABLE_TESTABILITY = YES;
				GCC_C_LANGUAGE_STANDARD = gnu11;
				GCC_DYNAMIC_NO_PIC = NO;
				GCC_NO_COMMON_BLOCKS = YES;
				GCC_OPTIMIZATION_LEVEL = 0;
				GCC_PREPROCESSOR_DEFINITIONS = (
					"DEBUG=1",
					"$(inherited)",
				);
				GCC_WARN_64_TO_32_BIT_CONVERSION = YES;
				GCC_WARN_ABOUT_RETURN_TYPE = YES_ERROR;
				GCC_WARN_UNDECLARED_SELECTOR = YES;
				GCC_WARN_UNINITIALIZED_AUTOS = YES_AGGRESSIVE;
				GCC_WARN_UNUSED_FUNCTION = YES;
				GCC_WARN_UNUSED_VARIABLE = YES;
				MACOSX_DEPLOYMENT_TARGET = 10.15;
				MTL_ENABLE_DEBUG_INFO = INCLUDE_SOURCE;
				MTL_FAST_MATH = YES;
				ONLY_ACTIVE_ARCH = YES;
				SDKROOT = macosx;
			};
			name = Debug;
		};
		C186DBDC251E83F00018E325 /* Release */ = {
			isa = XCBuildConfiguration;
			buildSettings = {
				ALWAYS_SEARCH_USER_PATHS = NO;
				CLANG_ANALYZER_NONNULL = YES;
				CLANG_ANALYZER_NUMBER_OBJECT_CONVERSION = YES_AGGRESSIVE;
				CLANG_CXX_LANGUAGE_STANDARD = "gnu++14";
				CLANG_CXX_LIBRARY = "libc++";
				CLANG_ENABLE_MODULES = YES;
				CLANG_ENABLE_OBJC_ARC = YES;
				CLANG_ENABLE_OBJC_WEAK = YES;
				CLANG_WARN_BLOCK_CAPTURE_AUTORELEASING = YES;
				CLANG_WARN_BOOL_CONVERSION = YES;
				CLANG_WARN_COMMA = YES;
				CLANG_WARN_CONSTANT_CONVERSION = YES;
				CLANG_WARN_DEPRECATED_OBJC_IMPLEMENTATIONS = YES;
				CLANG_WARN_DIRECT_OBJC_ISA_USAGE = YES_ERROR;
				CLANG_WARN_DOCUMENTATION_COMMENTS = YES;
				CLANG_WARN_EMPTY_BODY = YES;
				CLANG_WARN_ENUM_CONVERSION = YES;
				CLANG_WARN_INFINITE_RECURSION = YES;
				CLANG_WARN_INT_CONVERSION = YES;
				CLANG_WARN_NON_LITERAL_NULL_CONVERSION = YES;
				CLANG_WARN_OBJC_IMPLICIT_RETAIN_SELF = YES;
				CLANG_WARN_OBJC_LITERAL_CONVERSION = YES;
				CLANG_WARN_OBJC_ROOT_CLASS = YES_ERROR;
				CLANG_WARN_RANGE_LOOP_ANALYSIS = YES;
				CLANG_WARN_STRICT_PROTOTYPES = YES;
				CLANG_WARN_SUSPICIOUS_MOVE = YES;
				CLANG_WARN_UNGUARDED_AVAILABILITY = YES_AGGRESSIVE;
				CLANG_WARN_UNREACHABLE_CODE = YES;
				CLANG_WARN__DUPLICATE_METHOD_MATCH = YES;
				COPY_PHASE_STRIP = NO;
				DEBUG_INFORMATION_FORMAT = "dwarf-with-dsym";
				ENABLE_NS_ASSERTIONS = NO;
				ENABLE_STRICT_OBJC_MSGSEND = YES;
				GCC_C_LANGUAGE_STANDARD = gnu11;
				GCC_NO_COMMON_BLOCKS = YES;
				GCC_WARN_64_TO_32_BIT_CONVERSION = YES;
				GCC_WARN_ABOUT_RETURN_TYPE = YES_ERROR;
				GCC_WARN_UNDECLARED_SELECTOR = YES;
				GCC_WARN_UNINITIALIZED_AUTOS = YES_AGGRESSIVE;
				GCC_WARN_UNUSED_FUNCTION = YES;
				GCC_WARN_UNUSED_VARIABLE = YES;
				MACOSX_DEPLOYMENT_TARGET = 10.15;
				MTL_ENABLE_DEBUG_INFO = NO;
				MTL_FAST_MATH = YES;
				SDKROOT = macosx;
			};
			name = Release;
		};
		C186DBDE251E83F00018E325 /* Debug */ = {
			isa = XCBuildConfiguration;
			buildSettings = {
				CODE_SIGN_STYLE = Automatic;
				DEVELOPMENT_TEAM = 5FT382FTFF;
				ENABLE_HARDENED_RUNTIME = YES;
				PRODUCT_NAME = "$(TARGET_NAME)";
			};
			name = Debug;
		};
		C186DBDF251E83F00018E325 /* Release */ = {
			isa = XCBuildConfiguration;
			buildSettings = {
				CODE_SIGN_STYLE = Automatic;
				DEVELOPMENT_TEAM = 5FT382FTFF;
				ENABLE_HARDENED_RUNTIME = YES;
				PRODUCT_NAME = "$(TARGET_NAME)";
			};
			name = Release;
		};
		C186DBE9251EA0B80018E325 /* Debug */ = {
			isa = XCBuildConfiguration;
			buildSettings = {
				CODE_SIGN_STYLE = Automatic;
				DEVELOPMENT_TEAM = 5FT382FTFF;
				ENABLE_HARDENED_RUNTIME = YES;
				PRODUCT_NAME = "$(TARGET_NAME)";
			};
			name = Debug;
		};
		C186DBEA251EA0B80018E325 /* Release */ = {
			isa = XCBuildConfiguration;
			buildSettings = {
				CODE_SIGN_STYLE = Automatic;
				DEVELOPMENT_TEAM = 5FT382FTFF;
				ENABLE_HARDENED_RUNTIME = YES;
				PRODUCT_NAME = "$(TARGET_NAME)";
			};
			name = Release;
		};
		C1D8C1B02522D62500EBE794 /* Debug */ = {
			isa = XCBuildConfiguration;
			buildSettings = {
				CODE_SIGN_STYLE = Automatic;
				DEVELOPMENT_TEAM = 5FT382FTFF;
				ENABLE_HARDENED_RUNTIME = YES;
				PRODUCT_NAME = "$(TARGET_NAME)";
			};
			name = Debug;
		};
		C1D8C1B12522D62500EBE794 /* Release */ = {
			isa = XCBuildConfiguration;
			buildSettings = {
				CODE_SIGN_STYLE = Automatic;
				DEVELOPMENT_TEAM = 5FT382FTFF;
				ENABLE_HARDENED_RUNTIME = YES;
				PRODUCT_NAME = "$(TARGET_NAME)";
			};
			name = Release;
		};
		C1D8C1BC25242B8D00EBE794 /* Debug */ = {
			isa = XCBuildConfiguration;
			buildSettings = {
				CODE_SIGN_STYLE = Automatic;
				DEVELOPMENT_TEAM = 5FT382FTFF;
				ENABLE_HARDENED_RUNTIME = YES;
				PRODUCT_NAME = "$(TARGET_NAME)";
			};
			name = Debug;
		};
		C1D8C1BD25242B8D00EBE794 /* Release */ = {
			isa = XCBuildConfiguration;
			buildSettings = {
				CODE_SIGN_STYLE = Automatic;
				DEVELOPMENT_TEAM = 5FT382FTFF;
				ENABLE_HARDENED_RUNTIME = YES;
				PRODUCT_NAME = "$(TARGET_NAME)";
			};
			name = Release;
		};
/* End XCBuildConfiguration section */

/* Begin XCConfigurationList section */
		C186DBD1251E83F00018E325 /* Build configuration list for PBXProject "Exercise5" */ = {
			isa = XCConfigurationList;
			buildConfigurations = (
				C186DBDB251E83F00018E325 /* Debug */,
				C186DBDC251E83F00018E325 /* Release */,
			);
			defaultConfigurationIsVisible = 0;
			defaultConfigurationName = Release;
		};
		C186DBDD251E83F00018E325 /* Build configuration list for PBXNativeTarget "Exercise5" */ = {
			isa = XCConfigurationList;
			buildConfigurations = (
				C186DBDE251E83F00018E325 /* Debug */,
				C186DBDF251E83F00018E325 /* Release */,
			);
			defaultConfigurationIsVisible = 0;
			defaultConfigurationName = Release;
		};
		C186DBE8251EA0B80018E325 /* Build configuration list for PBXNativeTarget "ex" */ = {
			isa = XCConfigurationList;
			buildConfigurations = (
				C186DBE9251EA0B80018E325 /* Debug */,
				C186DBEA251EA0B80018E325 /* Release */,
			);
			defaultConfigurationIsVisible = 0;
			defaultConfigurationName = Release;
		};
		C1D8C1B22522D62500EBE794 /* Build configuration list for PBXNativeTarget "question2_ex5" */ = {
			isa = XCConfigurationList;
			buildConfigurations = (
				C1D8C1B02522D62500EBE794 /* Debug */,
				C1D8C1B12522D62500EBE794 /* Release */,
			);
			defaultConfigurationIsVisible = 0;
			defaultConfigurationName = Release;
		};
		C1D8C1BB25242B8D00EBE794 /* Build configuration list for PBXNativeTarget "question3_ex5" */ = {
			isa = XCConfigurationList;
			buildConfigurations = (
				C1D8C1BC25242B8D00EBE794 /* Debug */,
				C1D8C1BD25242B8D00EBE794 /* Release */,
			);
			defaultConfigurationIsVisible = 0;
			defaultConfigurationName = Release;
		};
/* End XCConfigurationList section */
	};
	rootObject = C186DBCE251E83F00018E325 /* Project object */;
}
