// !$*UTF8*$!
{
	archiveVersion = 1;
	classes = {
	};
	objectVersion = 50;
	objects = {

/* Begin PBXBuildFile section */
		C12047F1252C2B780085D58A /* main.cpp in Sources */ = {isa = PBXBuildFile; fileRef = C12047F0252C2B780085D58A /* main.cpp */; };
		C12047FC252CF6800085D58A /* main.cpp in Sources */ = {isa = PBXBuildFile; fileRef = C12047FB252CF6800085D58A /* main.cpp */; };
/* End PBXBuildFile section */

/* Begin PBXCopyFilesBuildPhase section */
		C12047EC252C2B780085D58A /* CopyFiles */ = {
			isa = PBXCopyFilesBuildPhase;
			buildActionMask = 2147483647;
			dstPath = /usr/share/man/man1/;
			dstSubfolderSpec = 0;
			files = (
			);
			runOnlyForDeploymentPostprocessing = 1;
		};
		C12047F7252CF6800085D58A /* CopyFiles */ = {
			isa = PBXCopyFilesBuildPhase;
			buildActionMask = 2147483647;
			dstPath = /usr/share/man/man1/;
			dstSubfolderSpec = 0;
			files = (
			);
			runOnlyForDeploymentPostprocessing = 1;
		};
		C1607647252658D700344DF3 /* CopyFiles */ = {
			isa = PBXCopyFilesBuildPhase;
			buildActionMask = 2147483647;
			dstPath = /usr/share/man/man1/;
			dstSubfolderSpec = 0;
			files = (
			);
			runOnlyForDeploymentPostprocessing = 1;
		};
		C16076552526591500344DF3 /* CopyFiles */ = {
			isa = PBXCopyFilesBuildPhase;
			buildActionMask = 2147483647;
			dstPath = /usr/share/man/man1/;
			dstSubfolderSpec = 0;
			files = (
			);
			runOnlyForDeploymentPostprocessing = 1;
		};
		C16076762526D14D00344DF3 /* CopyFiles */ = {
			isa = PBXCopyFilesBuildPhase;
			buildActionMask = 2147483647;
			dstPath = /usr/share/man/man1/;
			dstSubfolderSpec = 0;
			files = (
			);
			runOnlyForDeploymentPostprocessing = 1;
		};
/* End PBXCopyFilesBuildPhase section */

/* Begin PBXFileReference section */
		C12047EE252C2B780085D58A /* Question2_ex7 */ = {isa = PBXFileReference; explicitFileType = "compiled.mach-o.executable"; includeInIndex = 0; path = Question2_ex7; sourceTree = BUILT_PRODUCTS_DIR; };
		C12047F0252C2B780085D58A /* main.cpp */ = {isa = PBXFileReference; lastKnownFileType = sourcecode.cpp.cpp; path = main.cpp; sourceTree = "<group>"; };
		C12047F9252CF6800085D58A /* question1_ex7 */ = {isa = PBXFileReference; explicitFileType = "compiled.mach-o.executable"; includeInIndex = 0; path = question1_ex7; sourceTree = BUILT_PRODUCTS_DIR; };
		C12047FB252CF6800085D58A /* main.cpp */ = {isa = PBXFileReference; lastKnownFileType = sourcecode.cpp.cpp; path = main.cpp; sourceTree = "<group>"; };
		C1607649252658D700344DF3 /* Exercise7 */ = {isa = PBXFileReference; explicitFileType = "compiled.mach-o.executable"; includeInIndex = 0; path = Exercise7; sourceTree = BUILT_PRODUCTS_DIR; };
		C16076572526591500344DF3 /* Question 1_ex7 */ = {isa = PBXFileReference; explicitFileType = "compiled.mach-o.executable"; includeInIndex = 0; path = "Question 1_ex7"; sourceTree = BUILT_PRODUCTS_DIR; };
		C16076782526D14D00344DF3 /* questiontest */ = {isa = PBXFileReference; explicitFileType = "compiled.mach-o.executable"; includeInIndex = 0; path = questiontest; sourceTree = BUILT_PRODUCTS_DIR; };
/* End PBXFileReference section */

/* Begin PBXFrameworksBuildPhase section */
		C12047EB252C2B780085D58A /* Frameworks */ = {
			isa = PBXFrameworksBuildPhase;
			buildActionMask = 2147483647;
			files = (
			);
			runOnlyForDeploymentPostprocessing = 0;
		};
		C12047F6252CF6800085D58A /* Frameworks */ = {
			isa = PBXFrameworksBuildPhase;
			buildActionMask = 2147483647;
			files = (
			);
			runOnlyForDeploymentPostprocessing = 0;
		};
		C1607646252658D700344DF3 /* Frameworks */ = {
			isa = PBXFrameworksBuildPhase;
			buildActionMask = 2147483647;
			files = (
			);
			runOnlyForDeploymentPostprocessing = 0;
		};
		C16076542526591500344DF3 /* Frameworks */ = {
			isa = PBXFrameworksBuildPhase;
			buildActionMask = 2147483647;
			files = (
			);
			runOnlyForDeploymentPostprocessing = 0;
		};
		C16076752526D14D00344DF3 /* Frameworks */ = {
			isa = PBXFrameworksBuildPhase;
			buildActionMask = 2147483647;
			files = (
			);
			runOnlyForDeploymentPostprocessing = 0;
		};
/* End PBXFrameworksBuildPhase section */

/* Begin PBXGroup section */
		C12047EF252C2B780085D58A /* Question2_ex7 */ = {
			isa = PBXGroup;
			children = (
				C12047F0252C2B780085D58A /* main.cpp */,
			);
			path = Question2_ex7;
			sourceTree = "<group>";
		};
		C12047FA252CF6800085D58A /* question1_ex7 */ = {
			isa = PBXGroup;
			children = (
				C12047FB252CF6800085D58A /* main.cpp */,
			);
			path = question1_ex7;
			sourceTree = "<group>";
		};
		C1607640252658D700344DF3 = {
			isa = PBXGroup;
			children = (
				C12047EF252C2B780085D58A /* Question2_ex7 */,
				C12047FA252CF6800085D58A /* question1_ex7 */,
				C160764A252658D700344DF3 /* Products */,
			);
			sourceTree = "<group>";
		};
		C160764A252658D700344DF3 /* Products */ = {
			isa = PBXGroup;
			children = (
				C1607649252658D700344DF3 /* Exercise7 */,
				C16076572526591500344DF3 /* Question 1_ex7 */,
				C16076782526D14D00344DF3 /* questiontest */,
				C12047EE252C2B780085D58A /* Question2_ex7 */,
				C12047F9252CF6800085D58A /* question1_ex7 */,
			);
			name = Products;
			sourceTree = "<group>";
		};
/* End PBXGroup section */

/* Begin PBXNativeTarget section */
		C12047ED252C2B780085D58A /* Question2_ex7 */ = {
			isa = PBXNativeTarget;
			buildConfigurationList = C12047F4252C2B780085D58A /* Build configuration list for PBXNativeTarget "Question2_ex7" */;
			buildPhases = (
				C12047EA252C2B780085D58A /* Sources */,
				C12047EB252C2B780085D58A /* Frameworks */,
				C12047EC252C2B780085D58A /* CopyFiles */,
			);
			buildRules = (
			);
			dependencies = (
			);
			name = Question2_ex7;
			productName = Question2_ex7;
			productReference = C12047EE252C2B780085D58A /* Question2_ex7 */;
			productType = "com.apple.product-type.tool";
		};
		C12047F8252CF6800085D58A /* question1_ex7 */ = {
			isa = PBXNativeTarget;
			buildConfigurationList = C12047FD252CF6800085D58A /* Build configuration list for PBXNativeTarget "question1_ex7" */;
			buildPhases = (
				C12047F5252CF6800085D58A /* Sources */,
				C12047F6252CF6800085D58A /* Frameworks */,
				C12047F7252CF6800085D58A /* CopyFiles */,
			);
			buildRules = (
			);
			dependencies = (
			);
			name = question1_ex7;
			productName = question1_ex7;
			productReference = C12047F9252CF6800085D58A /* question1_ex7 */;
			productType = "com.apple.product-type.tool";
		};
		C1607648252658D700344DF3 /* Exercise7 */ = {
			isa = PBXNativeTarget;
			buildConfigurationList = C1607650252658D700344DF3 /* Build configuration list for PBXNativeTarget "Exercise7" */;
			buildPhases = (
				C1607645252658D700344DF3 /* Sources */,
				C1607646252658D700344DF3 /* Frameworks */,
				C1607647252658D700344DF3 /* CopyFiles */,
			);
			buildRules = (
			);
			dependencies = (
			);
			name = Exercise7;
			productName = Exercise7;
			productReference = C1607649252658D700344DF3 /* Exercise7 */;
			productType = "com.apple.product-type.tool";
		};
		C16076562526591500344DF3 /* Question 1_ex7 */ = {
			isa = PBXNativeTarget;
			buildConfigurationList = C160765B2526591500344DF3 /* Build configuration list for PBXNativeTarget "Question 1_ex7" */;
			buildPhases = (
				C16076532526591500344DF3 /* Sources */,
				C16076542526591500344DF3 /* Frameworks */,
				C16076552526591500344DF3 /* CopyFiles */,
			);
			buildRules = (
			);
			dependencies = (
			);
			name = "Question 1_ex7";
			productName = "Question 1_ex7";
			productReference = C16076572526591500344DF3 /* Question 1_ex7 */;
			productType = "com.apple.product-type.tool";
		};
		C16076772526D14D00344DF3 /* questiontest */ = {
			isa = PBXNativeTarget;
			buildConfigurationList = C160767E2526D14D00344DF3 /* Build configuration list for PBXNativeTarget "questiontest" */;
			buildPhases = (
				C16076742526D14D00344DF3 /* Sources */,
				C16076752526D14D00344DF3 /* Frameworks */,
				C16076762526D14D00344DF3 /* CopyFiles */,
			);
			buildRules = (
			);
			dependencies = (
			);
			name = questiontest;
			productName = questiontest;
			productReference = C16076782526D14D00344DF3 /* questiontest */;
			productType = "com.apple.product-type.tool";
		};
/* End PBXNativeTarget section */

/* Begin PBXProject section */
		C1607641252658D700344DF3 /* Project object */ = {
			isa = PBXProject;
			attributes = {
				LastUpgradeCheck = 1170;
				ORGANIZATIONNAME = "Fernanda Tovar";
				TargetAttributes = {
					C12047ED252C2B780085D58A = {
						CreatedOnToolsVersion = 11.7;
					};
					C12047F8252CF6800085D58A = {
						CreatedOnToolsVersion = 11.7;
					};
					C1607648252658D700344DF3 = {
						CreatedOnToolsVersion = 11.7;
					};
					C16076562526591500344DF3 = {
						CreatedOnToolsVersion = 11.7;
					};
					C16076772526D14D00344DF3 = {
						CreatedOnToolsVersion = 11.7;
					};
				};
			};
			buildConfigurationList = C1607644252658D700344DF3 /* Build configuration list for PBXProject "Exercise7" */;
			compatibilityVersion = "Xcode 9.3";
			developmentRegion = en;
			hasScannedForEncodings = 0;
			knownRegions = (
				en,
				Base,
			);
			mainGroup = C1607640252658D700344DF3;
			productRefGroup = C160764A252658D700344DF3 /* Products */;
			projectDirPath = "";
			projectRoot = "";
			targets = (
				C1607648252658D700344DF3 /* Exercise7 */,
				C16076562526591500344DF3 /* Question 1_ex7 */,
				C16076772526D14D00344DF3 /* questiontest */,
				C12047ED252C2B780085D58A /* Question2_ex7 */,
				C12047F8252CF6800085D58A /* question1_ex7 */,
			);
		};
/* End PBXProject section */

/* Begin PBXSourcesBuildPhase section */
		C12047EA252C2B780085D58A /* Sources */ = {
			isa = PBXSourcesBuildPhase;
			buildActionMask = 2147483647;
			files = (
				C12047F1252C2B780085D58A /* main.cpp in Sources */,
			);
			runOnlyForDeploymentPostprocessing = 0;
		};
		C12047F5252CF6800085D58A /* Sources */ = {
			isa = PBXSourcesBuildPhase;
			buildActionMask = 2147483647;
			files = (
				C12047FC252CF6800085D58A /* main.cpp in Sources */,
			);
			runOnlyForDeploymentPostprocessing = 0;
		};
		C1607645252658D700344DF3 /* Sources */ = {
			isa = PBXSourcesBuildPhase;
			buildActionMask = 2147483647;
			files = (
			);
			runOnlyForDeploymentPostprocessing = 0;
		};
		C16076532526591500344DF3 /* Sources */ = {
			isa = PBXSourcesBuildPhase;
			buildActionMask = 2147483647;
			files = (
			);
			runOnlyForDeploymentPostprocessing = 0;
		};
		C16076742526D14D00344DF3 /* Sources */ = {
			isa = PBXSourcesBuildPhase;
			buildActionMask = 2147483647;
			files = (
			);
			runOnlyForDeploymentPostprocessing = 0;
		};
/* End PBXSourcesBuildPhase section */

/* Begin XCBuildConfiguration section */
		C12047F2252C2B780085D58A /* Debug */ = {
			isa = XCBuildConfiguration;
			buildSettings = {
				CODE_SIGN_STYLE = Automatic;
				DEVELOPMENT_TEAM = 5FT382FTFF;
				ENABLE_HARDENED_RUNTIME = YES;
				PRODUCT_NAME = "$(TARGET_NAME)";
			};
			name = Debug;
		};
		C12047F3252C2B780085D58A /* Release */ = {
			isa = XCBuildConfiguration;
			buildSettings = {
				CODE_SIGN_STYLE = Automatic;
				DEVELOPMENT_TEAM = 5FT382FTFF;
				ENABLE_HARDENED_RUNTIME = YES;
				PRODUCT_NAME = "$(TARGET_NAME)";
			};
			name = Release;
		};
		C12047FE252CF6800085D58A /* Debug */ = {
			isa = XCBuildConfiguration;
			buildSettings = {
				CODE_SIGN_STYLE = Automatic;
				DEVELOPMENT_TEAM = 5FT382FTFF;
				ENABLE_HARDENED_RUNTIME = YES;
				PRODUCT_NAME = "$(TARGET_NAME)";
			};
			name = Debug;
		};
		C12047FF252CF6800085D58A /* Release */ = {
			isa = XCBuildConfiguration;
			buildSettings = {
				CODE_SIGN_STYLE = Automatic;
				DEVELOPMENT_TEAM = 5FT382FTFF;
				ENABLE_HARDENED_RUNTIME = YES;
				PRODUCT_NAME = "$(TARGET_NAME)";
			};
			name = Release;
		};
		C160764E252658D700344DF3 /* Debug */ = {
			isa = XCBuildConfiguration;
			buildSettings = {
				ALWAYS_SEARCH_USER_PATHS = NO;
				CLANG_ANALYZER_NONNULL = YES;
				CLANG_ANALYZER_NUMBER_OBJECT_CONVERSION = YES_AGGRESSIVE;
				CLANG_CXX_LANGUAGE_STANDARD = "gnu++14";
				CLANG_CXX_LIBRARY = "libc++";
				CLANG_ENABLE_MODULES = YES;
				CLANG_ENABLE_OBJC_ARC = YES;
				CLANG_ENABLE_OBJC_WEAK = YES;
				CLANG_WARN_BLOCK_CAPTURE_AUTORELEASING = YES;
				CLANG_WARN_BOOL_CONVERSION = YES;
				CLANG_WARN_COMMA = YES;
				CLANG_WARN_CONSTANT_CONVERSION = YES;
				CLANG_WARN_DEPRECATED_OBJC_IMPLEMENTATIONS = YES;
				CLANG_WARN_DIRECT_OBJC_ISA_USAGE = YES_ERROR;
				CLANG_WARN_DOCUMENTATION_COMMENTS = YES;
				CLANG_WARN_EMPTY_BODY = YES;
				CLANG_WARN_ENUM_CONVERSION = YES;
				CLANG_WARN_INFINITE_RECURSION = YES;
				CLANG_WARN_INT_CONVERSION = YES;
				CLANG_WARN_NON_LITERAL_NULL_CONVERSION = YES;
				CLANG_WARN_OBJC_IMPLICIT_RETAIN_SELF = YES;
				CLANG_WARN_OBJC_LITERAL_CONVERSION = YES;
				CLANG_WARN_OBJC_ROOT_CLASS = YES_ERROR;
				CLANG_WARN_RANGE_LOOP_ANALYSIS = YES;
				CLANG_WARN_STRICT_PROTOTYPES = YES;
				CLANG_WARN_SUSPICIOUS_MOVE = YES;
				CLANG_WARN_UNGUARDED_AVAILABILITY = YES_AGGRESSIVE;
				CLANG_WARN_UNREACHABLE_CODE = YES;
				CLANG_WARN__DUPLICATE_METHOD_MATCH = YES;
				COPY_PHASE_STRIP = NO;
				DEBUG_INFORMATION_FORMAT = dwarf;
				ENABLE_STRICT_OBJC_MSGSEND = YES;
				ENABLE_TESTABILITY = YES;
				GCC_C_LANGUAGE_STANDARD = gnu11;
				GCC_DYNAMIC_NO_PIC = NO;
				GCC_NO_COMMON_BLOCKS = YES;
				GCC_OPTIMIZATION_LEVEL = 0;
				GCC_PREPROCESSOR_DEFINITIONS = (
					"DEBUG=1",
					"$(inherited)",
				);
				GCC_WARN_64_TO_32_BIT_CONVERSION = YES;
				GCC_WARN_ABOUT_RETURN_TYPE = YES_ERROR;
				GCC_WARN_UNDECLARED_SELECTOR = YES;
				GCC_WARN_UNINITIALIZED_AUTOS = YES_AGGRESSIVE;
				GCC_WARN_UNUSED_FUNCTION = YES;
				GCC_WARN_UNUSED_VARIABLE = YES;
				MACOSX_DEPLOYMENT_TARGET = 10.15;
				MTL_ENABLE_DEBUG_INFO = INCLUDE_SOURCE;
				MTL_FAST_MATH = YES;
				ONLY_ACTIVE_ARCH = YES;
				SDKROOT = macosx;
			};
			name = Debug;
		};
		C160764F252658D700344DF3 /* Release */ = {
			isa = XCBuildConfiguration;
			buildSettings = {
				ALWAYS_SEARCH_USER_PATHS = NO;
				CLANG_ANALYZER_NONNULL = YES;
				CLANG_ANALYZER_NUMBER_OBJECT_CONVERSION = YES_AGGRESSIVE;
				CLANG_CXX_LANGUAGE_STANDARD = "gnu++14";
				CLANG_CXX_LIBRARY = "libc++";
				CLANG_ENABLE_MODULES = YES;
				CLANG_ENABLE_OBJC_ARC = YES;
				CLANG_ENABLE_OBJC_WEAK = YES;
				CLANG_WARN_BLOCK_CAPTURE_AUTORELEASING = YES;
				CLANG_WARN_BOOL_CONVERSION = YES;
				CLANG_WARN_COMMA = YES;
				CLANG_WARN_CONSTANT_CONVERSION = YES;
				CLANG_WARN_DEPRECATED_OBJC_IMPLEMENTATIONS = YES;
				CLANG_WARN_DIRECT_OBJC_ISA_USAGE = YES_ERROR;
				CLANG_WARN_DOCUMENTATION_COMMENTS = YES;
				CLANG_WARN_EMPTY_BODY = YES;
				CLANG_WARN_ENUM_CONVERSION = YES;
				CLANG_WARN_INFINITE_RECURSION = YES;
				CLANG_WARN_INT_CONVERSION = YES;
				CLANG_WARN_NON_LITERAL_NULL_CONVERSION = YES;
				CLANG_WARN_OBJC_IMPLICIT_RETAIN_SELF = YES;
				CLANG_WARN_OBJC_LITERAL_CONVERSION = YES;
				CLANG_WARN_OBJC_ROOT_CLASS = YES_ERROR;
				CLANG_WARN_RANGE_LOOP_ANALYSIS = YES;
				CLANG_WARN_STRICT_PROTOTYPES = YES;
				CLANG_WARN_SUSPICIOUS_MOVE = YES;
				CLANG_WARN_UNGUARDED_AVAILABILITY = YES_AGGRESSIVE;
				CLANG_WARN_UNREACHABLE_CODE = YES;
				CLANG_WARN__DUPLICATE_METHOD_MATCH = YES;
				COPY_PHASE_STRIP = NO;
				DEBUG_INFORMATION_FORMAT = "dwarf-with-dsym";
				ENABLE_NS_ASSERTIONS = NO;
				ENABLE_STRICT_OBJC_MSGSEND = YES;
				GCC_C_LANGUAGE_STANDARD = gnu11;
				GCC_NO_COMMON_BLOCKS = YES;
				GCC_WARN_64_TO_32_BIT_CONVERSION = YES;
				GCC_WARN_ABOUT_RETURN_TYPE = YES_ERROR;
				GCC_WARN_UNDECLARED_SELECTOR = YES;
				GCC_WARN_UNINITIALIZED_AUTOS = YES_AGGRESSIVE;
				GCC_WARN_UNUSED_FUNCTION = YES;
				GCC_WARN_UNUSED_VARIABLE = YES;
				MACOSX_DEPLOYMENT_TARGET = 10.15;
				MTL_ENABLE_DEBUG_INFO = NO;
				MTL_FAST_MATH = YES;
				SDKROOT = macosx;
			};
			name = Release;
		};
		C1607651252658D700344DF3 /* Debug */ = {
			isa = XCBuildConfiguration;
			buildSettings = {
				CODE_SIGN_STYLE = Automatic;
				DEVELOPMENT_TEAM = 5FT382FTFF;
				ENABLE_HARDENED_RUNTIME = YES;
				PRODUCT_NAME = "$(TARGET_NAME)";
			};
			name = Debug;
		};
		C1607652252658D700344DF3 /* Release */ = {
			isa = XCBuildConfiguration;
			buildSettings = {
				CODE_SIGN_STYLE = Automatic;
				DEVELOPMENT_TEAM = 5FT382FTFF;
				ENABLE_HARDENED_RUNTIME = YES;
				PRODUCT_NAME = "$(TARGET_NAME)";
			};
			name = Release;
		};
		C160765C2526591500344DF3 /* Debug */ = {
			isa = XCBuildConfiguration;
			buildSettings = {
				CODE_SIGN_STYLE = Automatic;
				DEVELOPMENT_TEAM = 5FT382FTFF;
				ENABLE_HARDENED_RUNTIME = YES;
				PRODUCT_NAME = "$(TARGET_NAME)";
			};
			name = Debug;
		};
		C160765D2526591500344DF3 /* Release */ = {
			isa = XCBuildConfiguration;
			buildSettings = {
				CODE_SIGN_STYLE = Automatic;
				DEVELOPMENT_TEAM = 5FT382FTFF;
				ENABLE_HARDENED_RUNTIME = YES;
				PRODUCT_NAME = "$(TARGET_NAME)";
			};
			name = Release;
		};
		C160767C2526D14D00344DF3 /* Debug */ = {
			isa = XCBuildConfiguration;
			buildSettings = {
				CODE_SIGN_STYLE = Automatic;
				DEVELOPMENT_TEAM = 5FT382FTFF;
				ENABLE_HARDENED_RUNTIME = YES;
				PRODUCT_NAME = "$(TARGET_NAME)";
			};
			name = Debug;
		};
		C160767D2526D14D00344DF3 /* Release */ = {
			isa = XCBuildConfiguration;
			buildSettings = {
				CODE_SIGN_STYLE = Automatic;
				DEVELOPMENT_TEAM = 5FT382FTFF;
				ENABLE_HARDENED_RUNTIME = YES;
				PRODUCT_NAME = "$(TARGET_NAME)";
			};
			name = Release;
		};
/* End XCBuildConfiguration section */

/* Begin XCConfigurationList section */
		C12047F4252C2B780085D58A /* Build configuration list for PBXNativeTarget "Question2_ex7" */ = {
			isa = XCConfigurationList;
			buildConfigurations = (
				C12047F2252C2B780085D58A /* Debug */,
				C12047F3252C2B780085D58A /* Release */,
			);
			defaultConfigurationIsVisible = 0;
			defaultConfigurationName = Release;
		};
		C12047FD252CF6800085D58A /* Build configuration list for PBXNativeTarget "question1_ex7" */ = {
			isa = XCConfigurationList;
			buildConfigurations = (
				C12047FE252CF6800085D58A /* Debug */,
				C12047FF252CF6800085D58A /* Release */,
			);
			defaultConfigurationIsVisible = 0;
			defaultConfigurationName = Release;
		};
		C1607644252658D700344DF3 /* Build configuration list for PBXProject "Exercise7" */ = {
			isa = XCConfigurationList;
			buildConfigurations = (
				C160764E252658D700344DF3 /* Debug */,
				C160764F252658D700344DF3 /* Release */,
			);
			defaultConfigurationIsVisible = 0;
			defaultConfigurationName = Release;
		};
		C1607650252658D700344DF3 /* Build configuration list for PBXNativeTarget "Exercise7" */ = {
			isa = XCConfigurationList;
			buildConfigurations = (
				C1607651252658D700344DF3 /* Debug */,
				C1607652252658D700344DF3 /* Release */,
			);
			defaultConfigurationIsVisible = 0;
			defaultConfigurationName = Release;
		};
		C160765B2526591500344DF3 /* Build configuration list for PBXNativeTarget "Question 1_ex7" */ = {
			isa = XCConfigurationList;
			buildConfigurations = (
				C160765C2526591500344DF3 /* Debug */,
				C160765D2526591500344DF3 /* Release */,
			);
			defaultConfigurationIsVisible = 0;
			defaultConfigurationName = Release;
		};
		C160767E2526D14D00344DF3 /* Build configuration list for PBXNativeTarget "questiontest" */ = {
			isa = XCConfigurationList;
			buildConfigurations = (
				C160767C2526D14D00344DF3 /* Debug */,
				C160767D2526D14D00344DF3 /* Release */,
			);
			defaultConfigurationIsVisible = 0;
			defaultConfigurationName = Release;
		};
/* End XCConfigurationList section */
	};
	rootObject = C1607641252658D700344DF3 /* Project object */;
}
