// !$*UTF8*$!
{
	archiveVersion = 1;
	classes = {
	};
	objectVersion = 50;
	objects = {

/* Begin PBXBuildFile section */
		C16076652526597C00344DF3 /* main.cpp in Sources */ = {isa = PBXBuildFile; fileRef = C16076642526597C00344DF3 /* main.cpp */; };
		C1607670252664A600344DF3 /* main.cpp in Sources */ = {isa = PBXBuildFile; fileRef = C160766F252664A600344DF3 /* main.cpp */; };
/* End PBXBuildFile section */

/* Begin PBXCopyFilesBuildPhase section */
		C1204802252CF7E20085D58A /* CopyFiles */ = {
			isa = PBXCopyFilesBuildPhase;
			buildActionMask = 2147483647;
			dstPath = /usr/share/man/man1/;
			dstSubfolderSpec = 0;
			files = (
			);
			runOnlyForDeploymentPostprocessing = 1;
		};
		C16076602526597C00344DF3 /* CopyFiles */ = {
			isa = PBXCopyFilesBuildPhase;
			buildActionMask = 2147483647;
			dstPath = /usr/share/man/man1/;
			dstSubfolderSpec = 0;
			files = (
			);
			runOnlyForDeploymentPostprocessing = 1;
		};
		C160766B252664A600344DF3 /* CopyFiles */ = {
			isa = PBXCopyFilesBuildPhase;
			buildActionMask = 2147483647;
			dstPath = /usr/share/man/man1/;
			dstSubfolderSpec = 0;
			files = (
			);
			runOnlyForDeploymentPostprocessing = 1;
		};
		C1B8D1EE2515573300B2DDD0 /* CopyFiles */ = {
			isa = PBXCopyFilesBuildPhase;
			buildActionMask = 2147483647;
			dstPath = /usr/share/man/man1/;
			dstSubfolderSpec = 0;
			files = (
			);
			runOnlyForDeploymentPostprocessing = 1;
		};
/* End PBXCopyFilesBuildPhase section */

/* Begin PBXFileReference section */
		C1204804252CF7E20085D58A /* testtt */ = {isa = PBXFileReference; explicitFileType = "compiled.mach-o.executable"; includeInIndex = 0; path = testtt; sourceTree = BUILT_PRODUCTS_DIR; };
		C16076622526597C00344DF3 /* fig07_18 */ = {isa = PBXFileReference; explicitFileType = "compiled.mach-o.executable"; includeInIndex = 0; path = fig07_18; sourceTree = BUILT_PRODUCTS_DIR; };
		C16076642526597C00344DF3 /* main.cpp */ = {isa = PBXFileReference; lastKnownFileType = sourcecode.cpp.cpp; path = main.cpp; sourceTree = "<group>"; };
		C160766D252664A600344DF3 /* fig07_25 */ = {isa = PBXFileReference; explicitFileType = "compiled.mach-o.executable"; includeInIndex = 0; path = fig07_25; sourceTree = BUILT_PRODUCTS_DIR; };
		C160766F252664A600344DF3 /* main.cpp */ = {isa = PBXFileReference; lastKnownFileType = sourcecode.cpp.cpp; path = main.cpp; sourceTree = "<group>"; };
		C1B8D1F02515573300B2DDD0 /* chapter7 */ = {isa = PBXFileReference; explicitFileType = "compiled.mach-o.executable"; includeInIndex = 0; path = chapter7; sourceTree = BUILT_PRODUCTS_DIR; };
/* End PBXFileReference section */

/* Begin PBXFrameworksBuildPhase section */
		C1204801252CF7E20085D58A /* Frameworks */ = {
			isa = PBXFrameworksBuildPhase;
			buildActionMask = 2147483647;
			files = (
			);
			runOnlyForDeploymentPostprocessing = 0;
		};
		C160765F2526597C00344DF3 /* Frameworks */ = {
			isa = PBXFrameworksBuildPhase;
			buildActionMask = 2147483647;
			files = (
			);
			runOnlyForDeploymentPostprocessing = 0;
		};
		C160766A252664A600344DF3 /* Frameworks */ = {
			isa = PBXFrameworksBuildPhase;
			buildActionMask = 2147483647;
			files = (
			);
			runOnlyForDeploymentPostprocessing = 0;
		};
		C1B8D1ED2515573300B2DDD0 /* Frameworks */ = {
			isa = PBXFrameworksBuildPhase;
			buildActionMask = 2147483647;
			files = (
			);
			runOnlyForDeploymentPostprocessing = 0;
		};
/* End PBXFrameworksBuildPhase section */

/* Begin PBXGroup section */
		C16076632526597C00344DF3 /* fig07_18 */ = {
			isa = PBXGroup;
			children = (
				C16076642526597C00344DF3 /* main.cpp */,
			);
			path = fig07_18;
			sourceTree = "<group>";
		};
		C160766E252664A600344DF3 /* fig07_25 */ = {
			isa = PBXGroup;
			children = (
				C160766F252664A600344DF3 /* main.cpp */,
			);
			path = fig07_25;
			sourceTree = "<group>";
		};
		C1B8D1E72515573300B2DDD0 = {
			isa = PBXGroup;
			children = (
				C16076632526597C00344DF3 /* fig07_18 */,
				C160766E252664A600344DF3 /* fig07_25 */,
				C1B8D1F12515573300B2DDD0 /* Products */,
			);
			sourceTree = "<group>";
		};
		C1B8D1F12515573300B2DDD0 /* Products */ = {
			isa = PBXGroup;
			children = (
				C1B8D1F02515573300B2DDD0 /* chapter7 */,
				C16076622526597C00344DF3 /* fig07_18 */,
				C160766D252664A600344DF3 /* fig07_25 */,
				C1204804252CF7E20085D58A /* testtt */,
			);
			name = Products;
			sourceTree = "<group>";
		};
/* End PBXGroup section */

/* Begin PBXNativeTarget section */
		C1204803252CF7E20085D58A /* testtt */ = {
			isa = PBXNativeTarget;
			buildConfigurationList = C120480A252CF7E20085D58A /* Build configuration list for PBXNativeTarget "testtt" */;
			buildPhases = (
				C1204800252CF7E20085D58A /* Sources */,
				C1204801252CF7E20085D58A /* Frameworks */,
				C1204802252CF7E20085D58A /* CopyFiles */,
			);
			buildRules = (
			);
			dependencies = (
			);
			name = testtt;
			productName = testtt;
			productReference = C1204804252CF7E20085D58A /* testtt */;
			productType = "com.apple.product-type.tool";
		};
		C16076612526597C00344DF3 /* fig07_18 */ = {
			isa = PBXNativeTarget;
			buildConfigurationList = C16076662526597C00344DF3 /* Build configuration list for PBXNativeTarget "fig07_18" */;
			buildPhases = (
				C160765E2526597C00344DF3 /* Sources */,
				C160765F2526597C00344DF3 /* Frameworks */,
				C16076602526597C00344DF3 /* CopyFiles */,
			);
			buildRules = (
			);
			dependencies = (
			);
			name = fig07_18;
			productName = fig07_18;
			productReference = C16076622526597C00344DF3 /* fig07_18 */;
			productType = "com.apple.product-type.tool";
		};
		C160766C252664A600344DF3 /* fig07_25 */ = {
			isa = PBXNativeTarget;
			buildConfigurationList = C1607673252664A600344DF3 /* Build configuration list for PBXNativeTarget "fig07_25" */;
			buildPhases = (
				C1607669252664A600344DF3 /* Sources */,
				C160766A252664A600344DF3 /* Frameworks */,
				C160766B252664A600344DF3 /* CopyFiles */,
			);
			buildRules = (
			);
			dependencies = (
			);
			name = fig07_25;
			productName = fig07_25;
			productReference = C160766D252664A600344DF3 /* fig07_25 */;
			productType = "com.apple.product-type.tool";
		};
		C1B8D1EF2515573300B2DDD0 /* chapter7 */ = {
			isa = PBXNativeTarget;
			buildConfigurationList = C1B8D1F72515573300B2DDD0 /* Build configuration list for PBXNativeTarget "chapter7" */;
			buildPhases = (
				C1B8D1EC2515573300B2DDD0 /* Sources */,
				C1B8D1ED2515573300B2DDD0 /* Frameworks */,
				C1B8D1EE2515573300B2DDD0 /* CopyFiles */,
			);
			buildRules = (
			);
			dependencies = (
			);
			name = chapter7;
			productName = chapter7;
			productReference = C1B8D1F02515573300B2DDD0 /* chapter7 */;
			productType = "com.apple.product-type.tool";
		};
/* End PBXNativeTarget section */

/* Begin PBXProject section */
		C1B8D1E82515573300B2DDD0 /* Project object */ = {
			isa = PBXProject;
			attributes = {
				LastUpgradeCheck = 1310;
				ORGANIZATIONNAME = "Fernanda Tovar";
				TargetAttributes = {
					C1204803252CF7E20085D58A = {
						CreatedOnToolsVersion = 11.7;
					};
					C16076612526597C00344DF3 = {
						CreatedOnToolsVersion = 11.7;
					};
					C160766C252664A600344DF3 = {
						CreatedOnToolsVersion = 11.7;
					};
					C1B8D1EF2515573300B2DDD0 = {
						CreatedOnToolsVersion = 11.7;
					};
				};
			};
			buildConfigurationList = C1B8D1EB2515573300B2DDD0 /* Build configuration list for PBXProject "chapter7" */;
			compatibilityVersion = "Xcode 9.3";
			developmentRegion = en;
			hasScannedForEncodings = 0;
			knownRegions = (
				en,
				Base,
			);
			mainGroup = C1B8D1E72515573300B2DDD0;
			productRefGroup = C1B8D1F12515573300B2DDD0 /* Products */;
			projectDirPath = "";
			projectRoot = "";
			targets = (
				C1B8D1EF2515573300B2DDD0 /* chapter7 */,
				C16076612526597C00344DF3 /* fig07_18 */,
				C160766C252664A600344DF3 /* fig07_25 */,
				C1204803252CF7E20085D58A /* testtt */,
			);
		};
/* End PBXProject section */

/* Begin PBXSourcesBuildPhase section */
		C1204800252CF7E20085D58A /* Sources */ = {
			isa = PBXSourcesBuildPhase;
			buildActionMask = 2147483647;
			files = (
			);
			runOnlyForDeploymentPostprocessing = 0;
		};
		C160765E2526597C00344DF3 /* Sources */ = {
			isa = PBXSourcesBuildPhase;
			buildActionMask = 2147483647;
			files = (
				C16076652526597C00344DF3 /* main.cpp in Sources */,
			);
			runOnlyForDeploymentPostprocessing = 0;
		};
		C1607669252664A600344DF3 /* Sources */ = {
			isa = PBXSourcesBuildPhase;
			buildActionMask = 2147483647;
			files = (
				C1607670252664A600344DF3 /* main.cpp in Sources */,
			);
			runOnlyForDeploymentPostprocessing = 0;
		};
		C1B8D1EC2515573300B2DDD0 /* Sources */ = {
			isa = PBXSourcesBuildPhase;
			buildActionMask = 2147483647;
			files = (
			);
			runOnlyForDeploymentPostprocessing = 0;
		};
/* End PBXSourcesBuildPhase section */

/* Begin XCBuildConfiguration section */
		C1204808252CF7E20085D58A /* Debug */ = {
			isa = XCBuildConfiguration;
			buildSettings = {
				CODE_SIGN_IDENTITY = "-";
				CODE_SIGN_STYLE = Automatic;
				DEVELOPMENT_TEAM = 5FT382FTFF;
				ENABLE_HARDENED_RUNTIME = YES;
				PRODUCT_NAME = "$(TARGET_NAME)";
			};
			name = Debug;
		};
		C1204809252CF7E20085D58A /* Release */ = {
			isa = XCBuildConfiguration;
			buildSettings = {
				CODE_SIGN_IDENTITY = "-";
				CODE_SIGN_STYLE = Automatic;
				DEVELOPMENT_TEAM = 5FT382FTFF;
				ENABLE_HARDENED_RUNTIME = YES;
				PRODUCT_NAME = "$(TARGET_NAME)";
			};
			name = Release;
		};
		C16076672526597C00344DF3 /* Debug */ = {
			isa = XCBuildConfiguration;
			buildSettings = {
				CODE_SIGN_IDENTITY = "-";
				CODE_SIGN_STYLE = Automatic;
				DEVELOPMENT_TEAM = 5FT382FTFF;
				ENABLE_HARDENED_RUNTIME = YES;
				PRODUCT_NAME = "$(TARGET_NAME)";
			};
			name = Debug;
		};
		C16076682526597C00344DF3 /* Release */ = {
			isa = XCBuildConfiguration;
			buildSettings = {
				CODE_SIGN_IDENTITY = "-";
				CODE_SIGN_STYLE = Automatic;
				DEVELOPMENT_TEAM = 5FT382FTFF;
				ENABLE_HARDENED_RUNTIME = YES;
				PRODUCT_NAME = "$(TARGET_NAME)";
			};
			name = Release;
		};
		C1607671252664A600344DF3 /* Debug */ = {
			isa = XCBuildConfiguration;
			buildSettings = {
				CODE_SIGN_IDENTITY = "-";
				CODE_SIGN_STYLE = Automatic;
				DEVELOPMENT_TEAM = 5FT382FTFF;
				ENABLE_HARDENED_RUNTIME = YES;
				PRODUCT_NAME = "$(TARGET_NAME)";
			};
			name = Debug;
		};
		C1607672252664A600344DF3 /* Release */ = {
			isa = XCBuildConfiguration;
			buildSettings = {
				CODE_SIGN_IDENTITY = "-";
				CODE_SIGN_STYLE = Automatic;
				DEVELOPMENT_TEAM = 5FT382FTFF;
				ENABLE_HARDENED_RUNTIME = YES;
				PRODUCT_NAME = "$(TARGET_NAME)";
			};
			name = Release;
		};
		C1B8D1F52515573300B2DDD0 /* Debug */ = {
			isa = XCBuildConfiguration;
			buildSettings = {
				ALWAYS_SEARCH_USER_PATHS = NO;
				CLANG_ANALYZER_NONNULL = YES;
				CLANG_ANALYZER_NUMBER_OBJECT_CONVERSION = YES_AGGRESSIVE;
				CLANG_CXX_LANGUAGE_STANDARD = "gnu++14";
				CLANG_CXX_LIBRARY = "libc++";
				CLANG_ENABLE_MODULES = YES;
				CLANG_ENABLE_OBJC_ARC = YES;
				CLANG_ENABLE_OBJC_WEAK = YES;
				CLANG_WARN_BLOCK_CAPTURE_AUTORELEASING = YES;
				CLANG_WARN_BOOL_CONVERSION = YES;
				CLANG_WARN_COMMA = YES;
				CLANG_WARN_CONSTANT_CONVERSION = YES;
				CLANG_WARN_DEPRECATED_OBJC_IMPLEMENTATIONS = YES;
				CLANG_WARN_DIRECT_OBJC_ISA_USAGE = YES_ERROR;
				CLANG_WARN_DOCUMENTATION_COMMENTS = YES;
				CLANG_WARN_EMPTY_BODY = YES;
				CLANG_WARN_ENUM_CONVERSION = YES;
				CLANG_WARN_INFINITE_RECURSION = YES;
				CLANG_WARN_INT_CONVERSION = YES;
				CLANG_WARN_NON_LITERAL_NULL_CONVERSION = YES;
				CLANG_WARN_OBJC_IMPLICIT_RETAIN_SELF = YES;
				CLANG_WARN_OBJC_LITERAL_CONVERSION = YES;
				CLANG_WARN_OBJC_ROOT_CLASS = YES_ERROR;
				CLANG_WARN_QUOTED_INCLUDE_IN_FRAMEWORK_HEADER = YES;
				CLANG_WARN_RANGE_LOOP_ANALYSIS = YES;
				CLANG_WARN_STRICT_PROTOTYPES = YES;
				CLANG_WARN_SUSPICIOUS_MOVE = YES;
				CLANG_WARN_UNGUARDED_AVAILABILITY = YES_AGGRESSIVE;
				CLANG_WARN_UNREACHABLE_CODE = YES;
				CLANG_WARN__DUPLICATE_METHOD_MATCH = YES;
				COPY_PHASE_STRIP = NO;
				DEBUG_INFORMATION_FORMAT = dwarf;
				ENABLE_STRICT_OBJC_MSGSEND = YES;
				ENABLE_TESTABILITY = YES;
				GCC_C_LANGUAGE_STANDARD = gnu11;
				GCC_DYNAMIC_NO_PIC = NO;
				GCC_NO_COMMON_BLOCKS = YES;
				GCC_OPTIMIZATION_LEVEL = 0;
				GCC_PREPROCESSOR_DEFINITIONS = (
					"DEBUG=1",
					"$(inherited)",
				);
				GCC_WARN_64_TO_32_BIT_CONVERSION = YES;
				GCC_WARN_ABOUT_RETURN_TYPE = YES_ERROR;
				GCC_WARN_UNDECLARED_SELECTOR = YES;
				GCC_WARN_UNINITIALIZED_AUTOS = YES_AGGRESSIVE;
				GCC_WARN_UNUSED_FUNCTION = YES;
				GCC_WARN_UNUSED_VARIABLE = YES;
				MACOSX_DEPLOYMENT_TARGET = 10.15;
				MTL_ENABLE_DEBUG_INFO = INCLUDE_SOURCE;
				MTL_FAST_MATH = YES;
				ONLY_ACTIVE_ARCH = YES;
				SDKROOT = macosx;
			};
			name = Debug;
		};
		C1B8D1F62515573300B2DDD0 /* Release */ = {
			isa = XCBuildConfiguration;
			buildSettings = {
				ALWAYS_SEARCH_USER_PATHS = NO;
				CLANG_ANALYZER_NONNULL = YES;
				CLANG_ANALYZER_NUMBER_OBJECT_CONVERSION = YES_AGGRESSIVE;
				CLANG_CXX_LANGUAGE_STANDARD = "gnu++14";
				CLANG_CXX_LIBRARY = "libc++";
				CLANG_ENABLE_MODULES = YES;
				CLANG_ENABLE_OBJC_ARC = YES;
				CLANG_ENABLE_OBJC_WEAK = YES;
				CLANG_WARN_BLOCK_CAPTURE_AUTORELEASING = YES;
				CLANG_WARN_BOOL_CONVERSION = YES;
				CLANG_WARN_COMMA = YES;
				CLANG_WARN_CONSTANT_CONVERSION = YES;
				CLANG_WARN_DEPRECATED_OBJC_IMPLEMENTATIONS = YES;
				CLANG_WARN_DIRECT_OBJC_ISA_USAGE = YES_ERROR;
				CLANG_WARN_DOCUMENTATION_COMMENTS = YES;
				CLANG_WARN_EMPTY_BODY = YES;
				CLANG_WARN_ENUM_CONVERSION = YES;
				CLANG_WARN_INFINITE_RECURSION = YES;
				CLANG_WARN_INT_CONVERSION = YES;
				CLANG_WARN_NON_LITERAL_NULL_CONVERSION = YES;
				CLANG_WARN_OBJC_IMPLICIT_RETAIN_SELF = YES;
				CLANG_WARN_OBJC_LITERAL_CONVERSION = YES;
				CLANG_WARN_OBJC_ROOT_CLASS = YES_ERROR;
				CLANG_WARN_QUOTED_INCLUDE_IN_FRAMEWORK_HEADER = YES;
				CLANG_WARN_RANGE_LOOP_ANALYSIS = YES;
				CLANG_WARN_STRICT_PROTOTYPES = YES;
				CLANG_WARN_SUSPICIOUS_MOVE = YES;
				CLANG_WARN_UNGUARDED_AVAILABILITY = YES_AGGRESSIVE;
				CLANG_WARN_UNREACHABLE_CODE = YES;
				CLANG_WARN__DUPLICATE_METHOD_MATCH = YES;
				COPY_PHASE_STRIP = NO;
				DEBUG_INFORMATION_FORMAT = "dwarf-with-dsym";
				ENABLE_NS_ASSERTIONS = NO;
				ENABLE_STRICT_OBJC_MSGSEND = YES;
				GCC_C_LANGUAGE_STANDARD = gnu11;
				GCC_NO_COMMON_BLOCKS = YES;
				GCC_WARN_64_TO_32_BIT_CONVERSION = YES;
				GCC_WARN_ABOUT_RETURN_TYPE = YES_ERROR;
				GCC_WARN_UNDECLARED_SELECTOR = YES;
				GCC_WARN_UNINITIALIZED_AUTOS = YES_AGGRESSIVE;
				GCC_WARN_UNUSED_FUNCTION = YES;
				GCC_WARN_UNUSED_VARIABLE = YES;
				MACOSX_DEPLOYMENT_TARGET = 10.15;
				MTL_ENABLE_DEBUG_INFO = NO;
				MTL_FAST_MATH = YES;
				SDKROOT = macosx;
			};
			name = Release;
		};
		C1B8D1F82515573300B2DDD0 /* Debug */ = {
			isa = XCBuildConfiguration;
			buildSettings = {
				CODE_SIGN_IDENTITY = "-";
				CODE_SIGN_STYLE = Automatic;
				DEVELOPMENT_TEAM = 5FT382FTFF;
				ENABLE_HARDENED_RUNTIME = YES;
				PRODUCT_NAME = "$(TARGET_NAME)";
			};
			name = Debug;
		};
		C1B8D1F92515573300B2DDD0 /* Release */ = {
			isa = XCBuildConfiguration;
			buildSettings = {
				CODE_SIGN_IDENTITY = "-";
				CODE_SIGN_STYLE = Automatic;
				DEVELOPMENT_TEAM = 5FT382FTFF;
				ENABLE_HARDENED_RUNTIME = YES;
				PRODUCT_NAME = "$(TARGET_NAME)";
			};
			name = Release;
		};
/* End XCBuildConfiguration section */

/* Begin XCConfigurationList section */
		C120480A252CF7E20085D58A /* Build configuration list for PBXNativeTarget "testtt" */ = {
			isa = XCConfigurationList;
			buildConfigurations = (
				C1204808252CF7E20085D58A /* Debug */,
				C1204809252CF7E20085D58A /* Release */,
			);
			defaultConfigurationIsVisible = 0;
			defaultConfigurationName = Release;
		};
		C16076662526597C00344DF3 /* Build configuration list for PBXNativeTarget "fig07_18" */ = {
			isa = XCConfigurationList;
			buildConfigurations = (
				C16076672526597C00344DF3 /* Debug */,
				C16076682526597C00344DF3 /* Release */,
			);
			defaultConfigurationIsVisible = 0;
			defaultConfigurationName = Release;
		};
		C1607673252664A600344DF3 /* Build configuration list for PBXNativeTarget "fig07_25" */ = {
			isa = XCConfigurationList;
			buildConfigurations = (
				C1607671252664A600344DF3 /* Debug */,
				C1607672252664A600344DF3 /* Release */,
			);
			defaultConfigurationIsVisible = 0;
			defaultConfigurationName = Release;
		};
		C1B8D1EB2515573300B2DDD0 /* Build configuration list for PBXProject "chapter7" */ = {
			isa = XCConfigurationList;
			buildConfigurations = (
				C1B8D1F52515573300B2DDD0 /* Debug */,
				C1B8D1F62515573300B2DDD0 /* Release */,
			);
			defaultConfigurationIsVisible = 0;
			defaultConfigurationName = Release;
		};
		C1B8D1F72515573300B2DDD0 /* Build configuration list for PBXNativeTarget "chapter7" */ = {
			isa = XCConfigurationList;
			buildConfigurations = (
				C1B8D1F82515573300B2DDD0 /* Debug */,
				C1B8D1F92515573300B2DDD0 /* Release */,
			);
			defaultConfigurationIsVisible = 0;
			defaultConfigurationName = Release;
		};
/* End XCConfigurationList section */
	};
	rootObject = C1B8D1E82515573300B2DDD0 /* Project object */;
}
